{
  "version": "3",
  "packages": {
    "specifiers": {
      "npm:grats": "npm:grats@0.0.4_graphql@16.8.1"
    },
    "npm": {
      "@graphql-tools/utils@9.2.1_graphql@16.8.1": {
        "integrity": "sha512-WUw506Ql6xzmOORlriNrD6Ugx+HjVgYxt9KCXD9mHAak+eaXSwuGGPyE60hy9xaDEoXKBsG7SkG69ybitaVl6A==",
        "dependencies": {
          "@graphql-typed-document-node/core": "@graphql-typed-document-node/core@3.2.0_graphql@16.8.1",
          "graphql": "graphql@16.8.1",
          "tslib": "tslib@2.6.2"
        }
      },
      "@graphql-typed-document-node/core@3.2.0_graphql@16.8.1": {
        "integrity": "sha512-mB9oAsNCm9aM3/SOv4YtBMqZbYj10R7dkq8byBqxGY/ncFwhf2oQzMV+LCRlWoDSEBJ3COiR1yeDvMtsoOsuFQ==",
        "dependencies": {
          "graphql": "graphql@16.8.1"
        }
      },
      "commander@10.0.1": {
        "integrity": "sha512-y4Mg2tXshplEbSGzx7amzPwKKOCGuoSRP/CjEdwwk0FOGlUbq6lKuoyDZTNZkmxHdJtp54hdfY/JUrdL7Xfdug==",
        "dependencies": {}
      },
      "graphql@16.8.1": {
        "integrity": "sha512-59LZHPdGZVh695Ud9lRzPBVTtlX9ZCV150Er2W43ro37wVof0ctenSaskPPjN7lVTIN8mSZt8PHUNKZuNQUuxw==",
        "dependencies": {}
      },
      "grats@0.0.4_graphql@16.8.1": {
        "integrity": "sha512-i6mT6Dq5Wn3DtjbqAWUg5MTpWkzE9ju80m6+O5F+wHfjSTbS2MdSnU9VsfW+rywLXIrWNY9Olmma0MTscd43Kg==",
        "dependencies": {
          "@graphql-tools/utils": "@graphql-tools/utils@9.2.1_graphql@16.8.1",
          "commander": "commander@10.0.1",
          "graphql": "graphql@16.8.1",
          "typescript": "typescript@4.9.5"
        }
      },
      "tslib@2.6.2": {
        "integrity": "sha512-AEYxH93jGFPn/a2iVAwW87VuUIkR1FVUKB77NwMF7nBTDkDrrT/Hpt/IrCJ0QXhW27jTBDcf5ZY7w6RiqTMw2Q==",
        "dependencies": {}
      },
      "typescript@4.9.5": {
        "integrity": "sha512-1FXk9E2Hm+QzZQ7z+McJiHL4NW1F2EzMu9Nq9i3zAaGqibafqYwCVU6WyWAuyQRRzOlxou8xZSyXLEN8oKj24g==",
        "dependencies": {}
      }
    }
  },
  "redirects": {
    "https://esm.sh/graphql@^16.8.1": "https://esm.sh/graphql@16.8.1",
    "https://esm.sh/grats@^0.0.4": "https://esm.sh/grats@0.0.4",
    "https://esm.sh/xss": "https://esm.sh/xss@1.0.14"
  },
  "remote": {
    "https://deno.land/x/gql@1.2.4/common.ts": "f3c917a79b03525a4eeec6b1f852800aa081e44c8f1d6c97a3eddfe0edb32e27",
    "https://deno.land/x/gql@1.2.4/deps.ts": "a7771a930b25712fe094c08df24cef6eaf291bd3c1ead2a26f4b54e982b031cf",
    "https://deno.land/x/gql@1.2.4/graphiql/markup.ts": "825b76ac088b3813c85da2061e4b4e59ae5f57e38761f66e8c941bbd65999afa",
    "https://deno.land/x/gql@1.2.4/graphiql/render.ts": "ec1127f6cdabe95be6db4870b1b00dab28f2223fd42886e58d83fc94d087449b",
    "https://deno.land/x/gql@1.2.4/http.ts": "2420a89d7571cdcbfa7c6b2aa5f8fa46d726cddaaaa24e4250f526860b66aa7b",
    "https://deno.land/x/gql@1.2.4/mod.ts": "87d0cf3562bd142c52ff402f4db9c1b0672a54c4bf7f90e57f0bdc8114b6c684",
    "https://esm.sh/graphql@16.8.1": "0b19a37518473694d14b39a642164900a67db59e58845167ebe53f92adabf418",
    "https://esm.sh/grats@0.0.4": "ce65c8961b7b2f081723a633e1f0ae5ce4b627f4e29e4d5e0a5c04d5e69dbe46",
    "https://esm.sh/v133/@graphql-tools/utils@9.2.1/denonext/utils.mjs": "3d0051b82bf7f67e591184396dcd0aece243b7c43bfc6af7070bada89efa865f",
    "https://esm.sh/v133/buffer-from@1.1.2/denonext/buffer-from.mjs": "078451542b62cb4261c01a01ff7e9bc0f94bef4eb710831d40e1f92c4dfe3883",
    "https://esm.sh/v133/cssfilter@0.0.10/denonext/cssfilter.mjs": "b2dec5f4b51c7574509f04305aa54e33f9de336d66eade79f05552312f18f40b",
    "https://esm.sh/v133/graphql@16.8.1/denonext/graphql.mjs": "585b84022623b931e27a7a8134cd24ec50b33ea12fd18b43254527628a0fddac",
    "https://esm.sh/v133/graphql@16.8.1/denonext/validation/validate.js": "b7bc135a686181a6e4cdc3bfd139badefc64230140dba3d2458664435c54a721",
    "https://esm.sh/v133/grats@0.0.4/denonext/grats.mjs": "e0ca0e89fe902174b84b85602c92f8f7954f43810e4c84578ad9bca0f1d9f438",
    "https://esm.sh/v133/node_inspector.js": "a19e0177c22009003670499765ac8abdb8f6f49175105ced47bfea73bfca8b46",
    "https://esm.sh/v133/source-map-support@0.5.21/denonext/source-map-support.mjs": "653dbab31eaf1a4fb403f19494a28c4d65daafb6f9a76d7af8c534bf1b716af3",
    "https://esm.sh/v133/source-map@0.6.1/denonext/source-map.mjs": "ccff3bb06dea7c01a2c83cf12113697592e418fd06b55ae2bb4cb0a4e51a98b8",
    "https://esm.sh/v133/typescript@4.9.5/denonext/typescript.mjs": "3fd0259ac5e71220d899604f38eebb26e9c670d8d75ebc7685de01c59713ae2f",
    "https://esm.sh/v133/xss@1.0.14/denonext/xss.mjs": "d3093ce2e72808314a367efb26a944fe0a83761efd7fec308c1636e6b9934cfb",
    "https://esm.sh/xss@1.0.14": "e12dc644496b685f0af21df487889bd39825a269bc0b10c79c80f02e6accf582"
  }
}
